// !$*UTF8*$!
{
	archiveVersion = 1;
	classes = {
	};
	objectVersion = 51;
	objects = {

/* Begin PBXBuildFile section */
		B3428F760640D75BFECECFC6 /* Pods_CDSaver.framework in Frameworks */ = {isa = PBXBuildFile; fileRef = 8674F941B3EB1BA1D737B4C1 /* Pods_CDSaver.framework */; };
		CE0433242464385800323B3C /* SettingsTableVC.swift in Sources */ = {isa = PBXBuildFile; fileRef = CE0433232464385800323B3C /* SettingsTableVC.swift */; };
		CE04332624643AD600323B3C /* SettingsDetailVC.swift in Sources */ = {isa = PBXBuildFile; fileRef = CE04332524643AD600323B3C /* SettingsDetailVC.swift */; };
		CE04332824644F1B00323B3C /* Legal.swift in Sources */ = {isa = PBXBuildFile; fileRef = CE04332724644F1B00323B3C /* Legal.swift */; };
		CE3D577A2451BA6C003E1061 /* Style.swift in Sources */ = {isa = PBXBuildFile; fileRef = CE3D57792451BA6C003E1061 /* Style.swift */; };
		CE4E4310245877BB00E10BAB /* UIViewController Extension.swift in Sources */ = {isa = PBXBuildFile; fileRef = CE4E430F245877BB00E10BAB /* UIViewController Extension.swift */; };
		CE5794AC2445D2F900793C15 /* PagerViewCell.swift in Sources */ = {isa = PBXBuildFile; fileRef = CE5794AB2445D2F900793C15 /* PagerViewCell.swift */; };
		CE5794AE2448846800793C15 /* RoundButton.swift in Sources */ = {isa = PBXBuildFile; fileRef = CE5794AD2448846700793C15 /* RoundButton.swift */; };
		CE6896E0243E042500B37A90 /* AlbumSearchClient.swift in Sources */ = {isa = PBXBuildFile; fileRef = CE6896DF243E042500B37A90 /* AlbumSearchClient.swift */; };
		CE6896E2243E276D00B37A90 /* AlbumResultsVC.swift in Sources */ = {isa = PBXBuildFile; fileRef = CE6896E1243E276D00B37A90 /* AlbumResultsVC.swift */; };
		CE6896E4243E2BE000B37A90 /* AlbumCVCell.swift in Sources */ = {isa = PBXBuildFile; fileRef = CE6896E3243E2BE000B37A90 /* AlbumCVCell.swift */; };
		CEB98F4B243B95630028FED3 /* AppDelegate.swift in Sources */ = {isa = PBXBuildFile; fileRef = CEB98F4A243B95630028FED3 /* AppDelegate.swift */; };
		CEB98F4D243B95630028FED3 /* SceneDelegate.swift in Sources */ = {isa = PBXBuildFile; fileRef = CEB98F4C243B95630028FED3 /* SceneDelegate.swift */; };
		CEB98F4F243B95630028FED3 /* ConnectVC.swift in Sources */ = {isa = PBXBuildFile; fileRef = CEB98F4E243B95630028FED3 /* ConnectVC.swift */; };
		CEB98F52243B95630028FED3 /* Main.storyboard in Resources */ = {isa = PBXBuildFile; fileRef = CEB98F50243B95630028FED3 /* Main.storyboard */; };
		CEB98F54243B95650028FED3 /* Assets.xcassets in Resources */ = {isa = PBXBuildFile; fileRef = CEB98F53243B95650028FED3 /* Assets.xcassets */; };
		CEB98F57243B95650028FED3 /* LaunchScreen.storyboard in Resources */ = {isa = PBXBuildFile; fileRef = CEB98F55243B95650028FED3 /* LaunchScreen.storyboard */; };
		CEB98F5F243C5FDF0028FED3 /* GoogleService-Info.plist in Resources */ = {isa = PBXBuildFile; fileRef = CEB98F5E243C5FDF0028FED3 /* GoogleService-Info.plist */; };
		CEB98F61243C63AB0028FED3 /* ScaledElementProcessor.swift in Sources */ = {isa = PBXBuildFile; fileRef = CEB98F60243C63AB0028FED3 /* ScaledElementProcessor.swift */; };
		CEB98F63243C64530028FED3 /* ImageReaderVC.swift in Sources */ = {isa = PBXBuildFile; fileRef = CEB98F62243C64530028FED3 /* ImageReaderVC.swift */; };
		CEB98F65243C6B5D0028FED3 /* SpotifyiOS.framework in Frameworks */ = {isa = PBXBuildFile; fileRef = CEB98F64243C6B5D0028FED3 /* SpotifyiOS.framework */; };
		CEC567C1243C80CA009C8CB2 /* Auth.swift in Sources */ = {isa = PBXBuildFile; fileRef = CEC567C0243C80CA009C8CB2 /* Auth.swift */; };
		CEC567C5243C90F1009C8CB2 /* SpotifyAlbum.swift in Sources */ = {isa = PBXBuildFile; fileRef = CEC567C4243C90F1009C8CB2 /* SpotifyAlbum.swift */; };
		CEDA2EFE2449F6230013CCB8 /* AlertControllerExtension.swift in Sources */ = {isa = PBXBuildFile; fileRef = CEDA2EFD2449F6230013CCB8 /* AlertControllerExtension.swift */; };
		CEDA2F02244DAA8B0013CCB8 /* AlbumsAddedVC.swift in Sources */ = {isa = PBXBuildFile; fileRef = CEDA2F01244DAA8B0013CCB8 /* AlbumsAddedVC.swift */; };
		CEFC3B3224546F5B00F74F48 /* AppleMusic.swift in Sources */ = {isa = PBXBuildFile; fileRef = CEFC3B3124546F5B00F74F48 /* AppleMusic.swift */; };
/* End PBXBuildFile section */

/* Begin PBXFileReference section */
		15D9F9DF64BF008A1BC2680D /* Pods-CDSaver.release.xcconfig */ = {isa = PBXFileReference; includeInIndex = 1; lastKnownFileType = text.xcconfig; name = "Pods-CDSaver.release.xcconfig"; path = "Target Support Files/Pods-CDSaver/Pods-CDSaver.release.xcconfig"; sourceTree = "<group>"; };
		8674F941B3EB1BA1D737B4C1 /* Pods_CDSaver.framework */ = {isa = PBXFileReference; explicitFileType = wrapper.framework; includeInIndex = 0; path = Pods_CDSaver.framework; sourceTree = BUILT_PRODUCTS_DIR; };
		CE0433232464385800323B3C /* SettingsTableVC.swift */ = {isa = PBXFileReference; lastKnownFileType = sourcecode.swift; path = SettingsTableVC.swift; sourceTree = "<group>"; };
		CE04332524643AD600323B3C /* SettingsDetailVC.swift */ = {isa = PBXFileReference; lastKnownFileType = sourcecode.swift; path = SettingsDetailVC.swift; sourceTree = "<group>"; };
		CE04332724644F1B00323B3C /* Legal.swift */ = {isa = PBXFileReference; lastKnownFileType = sourcecode.swift; path = Legal.swift; sourceTree = "<group>"; };
		CE3D57792451BA6C003E1061 /* Style.swift */ = {isa = PBXFileReference; lastKnownFileType = sourcecode.swift; path = Style.swift; sourceTree = "<group>"; };
		CE4E430F245877BB00E10BAB /* UIViewController Extension.swift */ = {isa = PBXFileReference; lastKnownFileType = sourcecode.swift; path = "UIViewController Extension.swift"; sourceTree = "<group>"; };
		CE5794AB2445D2F900793C15 /* PagerViewCell.swift */ = {isa = PBXFileReference; lastKnownFileType = sourcecode.swift; path = PagerViewCell.swift; sourceTree = "<group>"; };
		CE5794AD2448846700793C15 /* RoundButton.swift */ = {isa = PBXFileReference; lastKnownFileType = sourcecode.swift; path = RoundButton.swift; sourceTree = "<group>"; };
		CE6896DF243E042500B37A90 /* AlbumSearchClient.swift */ = {isa = PBXFileReference; lastKnownFileType = sourcecode.swift; path = AlbumSearchClient.swift; sourceTree = "<group>"; };
		CE6896E1243E276D00B37A90 /* AlbumResultsVC.swift */ = {isa = PBXFileReference; lastKnownFileType = sourcecode.swift; path = AlbumResultsVC.swift; sourceTree = "<group>"; };
		CE6896E3243E2BE000B37A90 /* AlbumCVCell.swift */ = {isa = PBXFileReference; lastKnownFileType = sourcecode.swift; path = AlbumCVCell.swift; sourceTree = "<group>"; };
		CEB98F47243B95630028FED3 /* CDSaver.app */ = {isa = PBXFileReference; explicitFileType = wrapper.application; includeInIndex = 0; path = CDSaver.app; sourceTree = BUILT_PRODUCTS_DIR; };
		CEB98F4A243B95630028FED3 /* AppDelegate.swift */ = {isa = PBXFileReference; lastKnownFileType = sourcecode.swift; path = AppDelegate.swift; sourceTree = "<group>"; };
		CEB98F4C243B95630028FED3 /* SceneDelegate.swift */ = {isa = PBXFileReference; lastKnownFileType = sourcecode.swift; path = SceneDelegate.swift; sourceTree = "<group>"; };
		CEB98F4E243B95630028FED3 /* ConnectVC.swift */ = {isa = PBXFileReference; lastKnownFileType = sourcecode.swift; path = ConnectVC.swift; sourceTree = "<group>"; };
		CEB98F51243B95630028FED3 /* Base */ = {isa = PBXFileReference; lastKnownFileType = file.storyboard; name = Base; path = Base.lproj/Main.storyboard; sourceTree = "<group>"; };
		CEB98F53243B95650028FED3 /* Assets.xcassets */ = {isa = PBXFileReference; lastKnownFileType = folder.assetcatalog; path = Assets.xcassets; sourceTree = "<group>"; };
		CEB98F56243B95650028FED3 /* Base */ = {isa = PBXFileReference; lastKnownFileType = file.storyboard; name = Base; path = Base.lproj/LaunchScreen.storyboard; sourceTree = "<group>"; };
		CEB98F58243B95650028FED3 /* Info.plist */ = {isa = PBXFileReference; lastKnownFileType = text.plist.xml; path = Info.plist; sourceTree = "<group>"; };
		CEB98F5E243C5FDF0028FED3 /* GoogleService-Info.plist */ = {isa = PBXFileReference; fileEncoding = 4; lastKnownFileType = text.plist.xml; path = "GoogleService-Info.plist"; sourceTree = "<group>"; };
		CEB98F60243C63AB0028FED3 /* ScaledElementProcessor.swift */ = {isa = PBXFileReference; fileEncoding = 4; lastKnownFileType = sourcecode.swift; path = ScaledElementProcessor.swift; sourceTree = "<group>"; };
		CEB98F62243C64530028FED3 /* ImageReaderVC.swift */ = {isa = PBXFileReference; fileEncoding = 4; lastKnownFileType = sourcecode.swift; path = ImageReaderVC.swift; sourceTree = "<group>"; };
		CEB98F64243C6B5D0028FED3 /* SpotifyiOS.framework */ = {isa = PBXFileReference; lastKnownFileType = wrapper.framework; path = SpotifyiOS.framework; sourceTree = "<group>"; };
		CEB98F66243C6C3A0028FED3 /* CDSaver-Bridging-Header.h */ = {isa = PBXFileReference; lastKnownFileType = sourcecode.c.h; path = "CDSaver-Bridging-Header.h"; sourceTree = "<group>"; };
		CEC567C0243C80CA009C8CB2 /* Auth.swift */ = {isa = PBXFileReference; lastKnownFileType = sourcecode.swift; path = Auth.swift; sourceTree = "<group>"; };
		CEC567C4243C90F1009C8CB2 /* SpotifyAlbum.swift */ = {isa = PBXFileReference; lastKnownFileType = sourcecode.swift; path = SpotifyAlbum.swift; sourceTree = "<group>"; };
		CEDA2EFD2449F6230013CCB8 /* AlertControllerExtension.swift */ = {isa = PBXFileReference; lastKnownFileType = sourcecode.swift; path = AlertControllerExtension.swift; sourceTree = "<group>"; };
		CEDA2F01244DAA8B0013CCB8 /* AlbumsAddedVC.swift */ = {isa = PBXFileReference; fileEncoding = 4; lastKnownFileType = sourcecode.swift; path = AlbumsAddedVC.swift; sourceTree = "<group>"; };
		CEFC3B3124546F5B00F74F48 /* AppleMusic.swift */ = {isa = PBXFileReference; lastKnownFileType = sourcecode.swift; path = AppleMusic.swift; sourceTree = "<group>"; };
		E3A04432AB4F8BF8F02068C9 /* Pods-CDSaver.debug.xcconfig */ = {isa = PBXFileReference; includeInIndex = 1; lastKnownFileType = text.xcconfig; name = "Pods-CDSaver.debug.xcconfig"; path = "Target Support Files/Pods-CDSaver/Pods-CDSaver.debug.xcconfig"; sourceTree = "<group>"; };
/* End PBXFileReference section */

/* Begin PBXFrameworksBuildPhase section */
		CEB98F44243B95630028FED3 /* Frameworks */ = {
			isa = PBXFrameworksBuildPhase;
			buildActionMask = 2147483647;
			files = (
				B3428F760640D75BFECECFC6 /* Pods_CDSaver.framework in Frameworks */,
				CEB98F65243C6B5D0028FED3 /* SpotifyiOS.framework in Frameworks */,
			);
			runOnlyForDeploymentPostprocessing = 0;
		};
/* End PBXFrameworksBuildPhase section */

/* Begin PBXGroup section */
		C4052E3B5702B54D42F955EA /* Pods */ = {
			isa = PBXGroup;
			children = (
				E3A04432AB4F8BF8F02068C9 /* Pods-CDSaver.debug.xcconfig */,
				15D9F9DF64BF008A1BC2680D /* Pods-CDSaver.release.xcconfig */,
			);
			path = Pods;
			sourceTree = "<group>";
		};
		CEB98F3E243B95630028FED3 = {
			isa = PBXGroup;
			children = (
				CEB98F49243B95630028FED3 /* CDSaver */,
				CEB98F48243B95630028FED3 /* Products */,
				C4052E3B5702B54D42F955EA /* Pods */,
				DDD1451BF362803F69ECD789 /* Frameworks */,
			);
			sourceTree = "<group>";
		};
		CEB98F48243B95630028FED3 /* Products */ = {
			isa = PBXGroup;
			children = (
				CEB98F47243B95630028FED3 /* CDSaver.app */,
			);
			name = Products;
			sourceTree = "<group>";
		};
		CEB98F49243B95630028FED3 /* CDSaver */ = {
			isa = PBXGroup;
			children = (
				CEB98F4A243B95630028FED3 /* AppDelegate.swift */,
				CEB98F4C243B95630028FED3 /* SceneDelegate.swift */,
				CEC567C2243C80D3009C8CB2 /* Model */,
				CEC567C3243C811B009C8CB2 /* Controller */,
				CEB98F50243B95630028FED3 /* Main.storyboard */,
				CE6896E3243E2BE000B37A90 /* AlbumCVCell.swift */,
				CE5794AB2445D2F900793C15 /* PagerViewCell.swift */,
				CEB98F53243B95650028FED3 /* Assets.xcassets */,
				CEB98F55243B95650028FED3 /* LaunchScreen.storyboard */,
				CEB98F58243B95650028FED3 /* Info.plist */,
				CEB98F5E243C5FDF0028FED3 /* GoogleService-Info.plist */,
				CEB98F66243C6C3A0028FED3 /* CDSaver-Bridging-Header.h */,
			);
			path = CDSaver;
			sourceTree = "<group>";
		};
		CEC567C2243C80D3009C8CB2 /* Model */ = {
			isa = PBXGroup;
			children = (
				CEB98F60243C63AB0028FED3 /* ScaledElementProcessor.swift */,
				CE5794AD2448846700793C15 /* RoundButton.swift */,
				CEDA2EFD2449F6230013CCB8 /* AlertControllerExtension.swift */,
				CE3D57792451BA6C003E1061 /* Style.swift */,
				CEC567C0243C80CA009C8CB2 /* Auth.swift */,
				CEC567C4243C90F1009C8CB2 /* SpotifyAlbum.swift */,
				CEFC3B3124546F5B00F74F48 /* AppleMusic.swift */,
				CE6896DF243E042500B37A90 /* AlbumSearchClient.swift */,
				CE04332724644F1B00323B3C /* Legal.swift */,
			);
			path = Model;
			sourceTree = "<group>";
		};
		CEC567C3243C811B009C8CB2 /* Controller */ = {
			isa = PBXGroup;
			children = (
				CEB98F4E243B95630028FED3 /* ConnectVC.swift */,
				CEB98F62243C64530028FED3 /* ImageReaderVC.swift */,
				CE6896E1243E276D00B37A90 /* AlbumResultsVC.swift */,
				CEDA2F01244DAA8B0013CCB8 /* AlbumsAddedVC.swift */,
				CE4E430F245877BB00E10BAB /* UIViewController Extension.swift */,
				CE0433232464385800323B3C /* SettingsTableVC.swift */,
				CE04332524643AD600323B3C /* SettingsDetailVC.swift */,
			);
			path = Controller;
			sourceTree = "<group>";
		};
		DDD1451BF362803F69ECD789 /* Frameworks */ = {
			isa = PBXGroup;
			children = (
				CEB98F64243C6B5D0028FED3 /* SpotifyiOS.framework */,
				8674F941B3EB1BA1D737B4C1 /* Pods_CDSaver.framework */,
			);
			name = Frameworks;
			sourceTree = "<group>";
		};
/* End PBXGroup section */

/* Begin PBXNativeTarget section */
		CEB98F46243B95630028FED3 /* CDSaver */ = {
			isa = PBXNativeTarget;
			buildConfigurationList = CEB98F5B243B95650028FED3 /* Build configuration list for PBXNativeTarget "CDSaver" */;
			buildPhases = (
				783AD6A59F2D3A4074B4BAD8 /* [CP] Check Pods Manifest.lock */,
				CEB98F43243B95630028FED3 /* Sources */,
				CEB98F44243B95630028FED3 /* Frameworks */,
				CEB98F45243B95630028FED3 /* Resources */,
				3463A650C6E1BC984EB6C643 /* [CP] Embed Pods Frameworks */,
				3CA5E0103D5EB0907A0E5A8D /* [CP] Copy Pods Resources */,
			);
			buildRules = (
			);
			dependencies = (
			);
			name = CDSaver;
			productName = CDSaver;
			productReference = CEB98F47243B95630028FED3 /* CDSaver.app */;
			productType = "com.apple.product-type.application";
		};
/* End PBXNativeTarget section */

/* Begin PBXProject section */
		CEB98F3F243B95630028FED3 /* Project object */ = {
			isa = PBXProject;
			attributes = {
				LastSwiftUpdateCheck = 1130;
				LastUpgradeCheck = 1130;
				ORGANIZATIONNAME = "Sean Williams";
				TargetAttributes = {
					CEB98F46243B95630028FED3 = {
						CreatedOnToolsVersion = 11.3.1;
					};
				};
			};
			buildConfigurationList = CEB98F42243B95630028FED3 /* Build configuration list for PBXProject "CDSaver" */;
			compatibilityVersion = "Xcode 9.3";
			developmentRegion = en;
			hasScannedForEncodings = 0;
			knownRegions = (
				en,
				Base,
			);
			mainGroup = CEB98F3E243B95630028FED3;
			productRefGroup = CEB98F48243B95630028FED3 /* Products */;
			projectDirPath = "";
			projectRoot = "";
			targets = (
				CEB98F46243B95630028FED3 /* CDSaver */,
			);
		};
/* End PBXProject section */

/* Begin PBXResourcesBuildPhase section */
		CEB98F45243B95630028FED3 /* Resources */ = {
			isa = PBXResourcesBuildPhase;
			buildActionMask = 2147483647;
			files = (
				CEB98F57243B95650028FED3 /* LaunchScreen.storyboard in Resources */,
				CEB98F5F243C5FDF0028FED3 /* GoogleService-Info.plist in Resources */,
				CEB98F54243B95650028FED3 /* Assets.xcassets in Resources */,
				CEB98F52243B95630028FED3 /* Main.storyboard in Resources */,
			);
			runOnlyForDeploymentPostprocessing = 0;
		};
/* End PBXResourcesBuildPhase section */

/* Begin PBXShellScriptBuildPhase section */
		3463A650C6E1BC984EB6C643 /* [CP] Embed Pods Frameworks */ = {
			isa = PBXShellScriptBuildPhase;
			buildActionMask = 2147483647;
			files = (
			);
			inputFileListPaths = (
				"${PODS_ROOT}/Target Support Files/Pods-CDSaver/Pods-CDSaver-frameworks-${CONFIGURATION}-input-files.xcfilelist",
			);
			name = "[CP] Embed Pods Frameworks";
			outputFileListPaths = (
				"${PODS_ROOT}/Target Support Files/Pods-CDSaver/Pods-CDSaver-frameworks-${CONFIGURATION}-output-files.xcfilelist",
			);
			runOnlyForDeploymentPostprocessing = 0;
			shellPath = /bin/sh;
			shellScript = "\"${PODS_ROOT}/Target Support Files/Pods-CDSaver/Pods-CDSaver-frameworks.sh\"\n";
			showEnvVarsInLog = 0;
		};
		3CA5E0103D5EB0907A0E5A8D /* [CP] Copy Pods Resources */ = {
			isa = PBXShellScriptBuildPhase;
			buildActionMask = 2147483647;
			files = (
			);
			inputFileListPaths = (
				"${PODS_ROOT}/Target Support Files/Pods-CDSaver/Pods-CDSaver-resources-${CONFIGURATION}-input-files.xcfilelist",
			);
			name = "[CP] Copy Pods Resources";
			outputFileListPaths = (
				"${PODS_ROOT}/Target Support Files/Pods-CDSaver/Pods-CDSaver-resources-${CONFIGURATION}-output-files.xcfilelist",
			);
			runOnlyForDeploymentPostprocessing = 0;
			shellPath = /bin/sh;
			shellScript = "\"${PODS_ROOT}/Target Support Files/Pods-CDSaver/Pods-CDSaver-resources.sh\"\n";
			showEnvVarsInLog = 0;
		};
		783AD6A59F2D3A4074B4BAD8 /* [CP] Check Pods Manifest.lock */ = {
			isa = PBXShellScriptBuildPhase;
			buildActionMask = 2147483647;
			files = (
			);
			inputFileListPaths = (
			);
			inputPaths = (
				"${PODS_PODFILE_DIR_PATH}/Podfile.lock",
				"${PODS_ROOT}/Manifest.lock",
			);
			name = "[CP] Check Pods Manifest.lock";
			outputFileListPaths = (
			);
			outputPaths = (
				"$(DERIVED_FILE_DIR)/Pods-CDSaver-checkManifestLockResult.txt",
			);
			runOnlyForDeploymentPostprocessing = 0;
			shellPath = /bin/sh;
			shellScript = "diff \"${PODS_PODFILE_DIR_PATH}/Podfile.lock\" \"${PODS_ROOT}/Manifest.lock\" > /dev/null\nif [ $? != 0 ] ; then\n    # print error to STDERR\n    echo \"error: The sandbox is not in sync with the Podfile.lock. Run 'pod install' or update your CocoaPods installation.\" >&2\n    exit 1\nfi\n# This output is used by Xcode 'outputs' to avoid re-running this script phase.\necho \"SUCCESS\" > \"${SCRIPT_OUTPUT_FILE_0}\"\n";
			showEnvVarsInLog = 0;
		};
/* End PBXShellScriptBuildPhase section */

/* Begin PBXSourcesBuildPhase section */
		CEB98F43243B95630028FED3 /* Sources */ = {
			isa = PBXSourcesBuildPhase;
			buildActionMask = 2147483647;
			files = (
				CE04332624643AD600323B3C /* SettingsDetailVC.swift in Sources */,
				CEB98F63243C64530028FED3 /* ImageReaderVC.swift in Sources */,
				CE5794AC2445D2F900793C15 /* PagerViewCell.swift in Sources */,
				CEB98F4F243B95630028FED3 /* ConnectVC.swift in Sources */,
				CE6896E4243E2BE000B37A90 /* AlbumCVCell.swift in Sources */,
				CE0433242464385800323B3C /* SettingsTableVC.swift in Sources */,
				CE6896E2243E276D00B37A90 /* AlbumResultsVC.swift in Sources */,
				CEB98F61243C63AB0028FED3 /* ScaledElementProcessor.swift in Sources */,
				CEDA2EFE2449F6230013CCB8 /* AlertControllerExtension.swift in Sources */,
				CEB98F4B243B95630028FED3 /* AppDelegate.swift in Sources */,
				CEC567C5243C90F1009C8CB2 /* SpotifyAlbum.swift in Sources */,
				CE4E4310245877BB00E10BAB /* UIViewController Extension.swift in Sources */,
				CE3D577A2451BA6C003E1061 /* Style.swift in Sources */,
				CE5794AE2448846800793C15 /* RoundButton.swift in Sources */,
				CE6896E0243E042500B37A90 /* AlbumSearchClient.swift in Sources */,
				CE04332824644F1B00323B3C /* Legal.swift in Sources */,
				CEB98F4D243B95630028FED3 /* SceneDelegate.swift in Sources */,
				CEDA2F02244DAA8B0013CCB8 /* AlbumsAddedVC.swift in Sources */,
				CEC567C1243C80CA009C8CB2 /* Auth.swift in Sources */,
				CEFC3B3224546F5B00F74F48 /* AppleMusic.swift in Sources */,
			);
			runOnlyForDeploymentPostprocessing = 0;
		};
/* End PBXSourcesBuildPhase section */

/* Begin PBXVariantGroup section */
		CEB98F50243B95630028FED3 /* Main.storyboard */ = {
			isa = PBXVariantGroup;
			children = (
				CEB98F51243B95630028FED3 /* Base */,
			);
			name = Main.storyboard;
			sourceTree = "<group>";
		};
		CEB98F55243B95650028FED3 /* LaunchScreen.storyboard */ = {
			isa = PBXVariantGroup;
			children = (
				CEB98F56243B95650028FED3 /* Base */,
			);
			name = LaunchScreen.storyboard;
			sourceTree = "<group>";
		};
/* End PBXVariantGroup section */

/* Begin XCBuildConfiguration section */
		CEB98F59243B95650028FED3 /* Debug */ = {
			isa = XCBuildConfiguration;
			buildSettings = {
				ALWAYS_SEARCH_USER_PATHS = NO;
				CLANG_ANALYZER_NONNULL = YES;
				CLANG_ANALYZER_NUMBER_OBJECT_CONVERSION = YES_AGGRESSIVE;
				CLANG_CXX_LANGUAGE_STANDARD = "gnu++14";
				CLANG_CXX_LIBRARY = "libc++";
				CLANG_ENABLE_MODULES = YES;
				CLANG_ENABLE_OBJC_ARC = YES;
				CLANG_ENABLE_OBJC_WEAK = YES;
				CLANG_WARN_BLOCK_CAPTURE_AUTORELEASING = YES;
				CLANG_WARN_BOOL_CONVERSION = YES;
				CLANG_WARN_COMMA = YES;
				CLANG_WARN_CONSTANT_CONVERSION = YES;
				CLANG_WARN_DEPRECATED_OBJC_IMPLEMENTATIONS = YES;
				CLANG_WARN_DIRECT_OBJC_ISA_USAGE = YES_ERROR;
				CLANG_WARN_DOCUMENTATION_COMMENTS = YES;
				CLANG_WARN_EMPTY_BODY = YES;
				CLANG_WARN_ENUM_CONVERSION = YES;
				CLANG_WARN_INFINITE_RECURSION = YES;
				CLANG_WARN_INT_CONVERSION = YES;
				CLANG_WARN_NON_LITERAL_NULL_CONVERSION = YES;
				CLANG_WARN_OBJC_IMPLICIT_RETAIN_SELF = YES;
				CLANG_WARN_OBJC_LITERAL_CONVERSION = YES;
				CLANG_WARN_OBJC_ROOT_CLASS = YES_ERROR;
				CLANG_WARN_RANGE_LOOP_ANALYSIS = YES;
				CLANG_WARN_STRICT_PROTOTYPES = YES;
				CLANG_WARN_SUSPICIOUS_MOVE = YES;
				CLANG_WARN_UNGUARDED_AVAILABILITY = YES_AGGRESSIVE;
				CLANG_WARN_UNREACHABLE_CODE = YES;
				CLANG_WARN__DUPLICATE_METHOD_MATCH = YES;
				COPY_PHASE_STRIP = NO;
				DEBUG_INFORMATION_FORMAT = dwarf;
				ENABLE_STRICT_OBJC_MSGSEND = YES;
				ENABLE_TESTABILITY = YES;
				GCC_C_LANGUAGE_STANDARD = gnu11;
				GCC_DYNAMIC_NO_PIC = NO;
				GCC_NO_COMMON_BLOCKS = YES;
				GCC_OPTIMIZATION_LEVEL = 0;
				GCC_PREPROCESSOR_DEFINITIONS = (
					"DEBUG=1",
					"$(inherited)",
				);
				GCC_WARN_64_TO_32_BIT_CONVERSION = YES;
				GCC_WARN_ABOUT_RETURN_TYPE = YES_ERROR;
				GCC_WARN_UNDECLARED_SELECTOR = YES;
				GCC_WARN_UNINITIALIZED_AUTOS = YES_AGGRESSIVE;
				GCC_WARN_UNUSED_FUNCTION = YES;
				GCC_WARN_UNUSED_VARIABLE = YES;
				IPHONEOS_DEPLOYMENT_TARGET = 13.2;
				MTL_ENABLE_DEBUG_INFO = INCLUDE_SOURCE;
				MTL_FAST_MATH = YES;
				ONLY_ACTIVE_ARCH = YES;
				SDKROOT = iphoneos;
				SWIFT_ACTIVE_COMPILATION_CONDITIONS = DEBUG;
				SWIFT_OPTIMIZATION_LEVEL = "-Onone";
			};
			name = Debug;
		};
		CEB98F5A243B95650028FED3 /* Release */ = {
			isa = XCBuildConfiguration;
			buildSettings = {
				ALWAYS_SEARCH_USER_PATHS = NO;
				CLANG_ANALYZER_NONNULL = YES;
				CLANG_ANALYZER_NUMBER_OBJECT_CONVERSION = YES_AGGRESSIVE;
				CLANG_CXX_LANGUAGE_STANDARD = "gnu++14";
				CLANG_CXX_LIBRARY = "libc++";
				CLANG_ENABLE_MODULES = YES;
				CLANG_ENABLE_OBJC_ARC = YES;
				CLANG_ENABLE_OBJC_WEAK = YES;
				CLANG_WARN_BLOCK_CAPTURE_AUTORELEASING = YES;
				CLANG_WARN_BOOL_CONVERSION = YES;
				CLANG_WARN_COMMA = YES;
				CLANG_WARN_CONSTANT_CONVERSION = YES;
				CLANG_WARN_DEPRECATED_OBJC_IMPLEMENTATIONS = YES;
				CLANG_WARN_DIRECT_OBJC_ISA_USAGE = YES_ERROR;
				CLANG_WARN_DOCUMENTATION_COMMENTS = YES;
				CLANG_WARN_EMPTY_BODY = YES;
				CLANG_WARN_ENUM_CONVERSION = YES;
				CLANG_WARN_INFINITE_RECURSION = YES;
				CLANG_WARN_INT_CONVERSION = YES;
				CLANG_WARN_NON_LITERAL_NULL_CONVERSION = YES;
				CLANG_WARN_OBJC_IMPLICIT_RETAIN_SELF = YES;
				CLANG_WARN_OBJC_LITERAL_CONVERSION = YES;
				CLANG_WARN_OBJC_ROOT_CLASS = YES_ERROR;
				CLANG_WARN_RANGE_LOOP_ANALYSIS = YES;
				CLANG_WARN_STRICT_PROTOTYPES = YES;
				CLANG_WARN_SUSPICIOUS_MOVE = YES;
				CLANG_WARN_UNGUARDED_AVAILABILITY = YES_AGGRESSIVE;
				CLANG_WARN_UNREACHABLE_CODE = YES;
				CLANG_WARN__DUPLICATE_METHOD_MATCH = YES;
				COPY_PHASE_STRIP = NO;
				DEBUG_INFORMATION_FORMAT = "dwarf-with-dsym";
				ENABLE_NS_ASSERTIONS = NO;
				ENABLE_STRICT_OBJC_MSGSEND = YES;
				GCC_C_LANGUAGE_STANDARD = gnu11;
				GCC_NO_COMMON_BLOCKS = YES;
				GCC_WARN_64_TO_32_BIT_CONVERSION = YES;
				GCC_WARN_ABOUT_RETURN_TYPE = YES_ERROR;
				GCC_WARN_UNDECLARED_SELECTOR = YES;
				GCC_WARN_UNINITIALIZED_AUTOS = YES_AGGRESSIVE;
				GCC_WARN_UNUSED_FUNCTION = YES;
				GCC_WARN_UNUSED_VARIABLE = YES;
				IPHONEOS_DEPLOYMENT_TARGET = 13.2;
				MTL_ENABLE_DEBUG_INFO = NO;
				MTL_FAST_MATH = YES;
				SDKROOT = iphoneos;
				SWIFT_COMPILATION_MODE = wholemodule;
				SWIFT_OPTIMIZATION_LEVEL = "-O";
				VALIDATE_PRODUCT = YES;
			};
			name = Release;
		};
		CEB98F5C243B95650028FED3 /* Debug */ = {
			isa = XCBuildConfiguration;
			baseConfigurationReference = E3A04432AB4F8BF8F02068C9 /* Pods-CDSaver.debug.xcconfig */;
			buildSettings = {
				ASSETCATALOG_COMPILER_APPICON_NAME = AppIcon;
				CODE_SIGN_STYLE = Automatic;
				DEVELOPMENT_TEAM = DN4729AK8V;
				FRAMEWORK_SEARCH_PATHS = (
					"$(inherited)",
					"$(PROJECT_DIR)",
				);
				INFOPLIST_FILE = CDSaver/Info.plist;
				IPHONEOS_DEPLOYMENT_TARGET = 13.0;
				LD_RUNPATH_SEARCH_PATHS = (
					"$(inherited)",
					"@executable_path/Frameworks",
				);
				PRODUCT_BUNDLE_IDENTIFIER = com.seanwilliams.CDSaver;
				PRODUCT_NAME = "$(TARGET_NAME)";
				SWIFT_OBJC_BRIDGING_HEADER = "CDSaver/CDSaver-Bridging-Header.h";
				SWIFT_VERSION = 5.0;
				TARGETED_DEVICE_FAMILY = "1,2";
			};
			name = Debug;
		};
		CEB98F5D243B95650028FED3 /* Release */ = {
			isa = XCBuildConfiguration;
			baseConfigurationReference = 15D9F9DF64BF008A1BC2680D /* Pods-CDSaver.release.xcconfig */;
			buildSettings = {
				ASSETCATALOG_COMPILER_APPICON_NAME = AppIcon;
				CODE_SIGN_STYLE = Automatic;
				DEVELOPMENT_TEAM = DN4729AK8V;
				FRAMEWORK_SEARCH_PATHS = (
					"$(inherited)",
					"$(PROJECT_DIR)",
				);
				INFOPLIST_FILE = CDSaver/Info.plist;
				IPHONEOS_DEPLOYMENT_TARGET = 13.0;
				LD_RUNPATH_SEARCH_PATHS = (
					"$(inherited)",
					"@executable_path/Frameworks",
				);
				PRODUCT_BUNDLE_IDENTIFIER = com.seanwilliams.CDSaver;
				PRODUCT_NAME = "$(TARGET_NAME)";
				SWIFT_OBJC_BRIDGING_HEADER = "CDSaver/CDSaver-Bridging-Header.h";
				SWIFT_VERSION = 5.0;
				TARGETED_DEVICE_FAMILY = "1,2";
			};
			name = Release;
		};
/* End XCBuildConfiguration section */

/* Begin XCConfigurationList section */
		CEB98F42243B95630028FED3 /* Build configuration list for PBXProject "CDSaver" */ = {
			isa = XCConfigurationList;
			buildConfigurations = (
				CEB98F59243B95650028FED3 /* Debug */,
				CEB98F5A243B95650028FED3 /* Release */,
			);
			defaultConfigurationIsVisible = 0;
			defaultConfigurationName = Release;
		};
		CEB98F5B243B95650028FED3 /* Build configuration list for PBXNativeTarget "CDSaver" */ = {
			isa = XCConfigurationList;
			buildConfigurations = (
				CEB98F5C243B95650028FED3 /* Debug */,
				CEB98F5D243B95650028FED3 /* Release */,
			);
			defaultConfigurationIsVisible = 0;
			defaultConfigurationName = Release;
		};
/* End XCConfigurationList section */
	};
	rootObject = CEB98F3F243B95630028FED3 /* Project object */;
}
